{
  "name": "openapi-backend-serverless-azure",
  "version": "1.0.0",
  "lockfileVersion": 1,
  "requires": true,
  "dependencies": {
    "@types/lodash": {
      "version": "4.14.117",
      "resolved": "https://registry.npmjs.org/@types/lodash/-/lodash-4.14.117.tgz",
      "integrity": "sha512-xyf2m6tRbz8qQKcxYZa7PA4SllYcay+eh25DN3jmNYY6gSTL7Htc/bttVdkqj2wfJGbeWlQiX8pIyJpKU+tubw=="
    },
    "@types/swagger-parser": {
      "version": "4.0.2",
      "resolved": "https://registry.npmjs.org/@types/swagger-parser/-/swagger-parser-4.0.2.tgz",
      "integrity": "sha512-Xir5LYzLkJOZxJ/HBQQXTDzjaEKyTbz6CY2Sj9x7W/hdmYWdtVBULH5AQpQaQr4LpnXw0HfLtxdNDzk1yjm+Hw==",
      "requires": {
        "@types/swagger-schema-official": "*"
      }
    },
    "@types/swagger-schema-official": {
      "version": "2.0.12",
      "resolved": "https://registry.npmjs.org/@types/swagger-schema-official/-/swagger-schema-official-2.0.12.tgz",
      "integrity": "sha512-tW7lYbTR6T3dMJuyb9VfW9FZGl2iN7I5mTfbGmT5CoTRSTaUEtdbJPOm/s4H3Sl+cYcXd2m0ONPQZbpWJ6OV+Q=="
    },
    "ajv": {
      "version": "6.5.4",
      "resolved": "https://registry.npmjs.org/ajv/-/ajv-6.5.4.tgz",
      "integrity": "sha512-4Wyjt8+t6YszqaXnLDfMmG/8AlO5Zbcsy3ATHncCzjW/NoPzAId8AK6749Ybjmdt+kUY1gP60fCu46oDxPv/mg==",
      "requires": {
        "fast-deep-equal": "^2.0.1",
        "fast-json-stable-stringify": "^2.0.0",
        "json-schema-traverse": "^0.4.1",
        "uri-js": "^4.2.2"
      }
    },
    "argparse": {
      "version": "1.0.10",
      "resolved": "https://registry.npmjs.org/argparse/-/argparse-1.0.10.tgz",
      "integrity": "sha512-o5Roy6tNG4SL/FOkCAN6RzjiakZS25RLYFrcMttJqbdd8BWrnA+fGz57iN5Pb06pvBGvl5gQ0B48dJlslXvoTg==",
      "requires": {
        "sprintf-js": "~1.0.2"
      }
    },
    "call-me-maybe": {
      "version": "1.0.1",
      "resolved": "https://registry.npmjs.org/call-me-maybe/-/call-me-maybe-1.0.1.tgz",
      "integrity": "sha1-JtII6onje1y95gJQoV8DHBak1ms="
    },
    "commander": {
      "version": "2.19.0",
      "resolved": "https://registry.npmjs.org/commander/-/commander-2.19.0.tgz",
      "integrity": "sha512-6tvAOO+D6OENvRAh524Dh9jcfKTYDQAqvqezbCW82xj5X0pSrcpxtvRKHLG0yBY6SD7PSDrJaj+0AiOcKVd1Xg==",
      "optional": true
    },
    "core-js": {
      "version": "2.5.7",
      "resolved": "https://registry.npmjs.org/core-js/-/core-js-2.5.7.tgz",
      "integrity": "sha512-RszJCAxg/PP6uzXVXL6BsxSXx/B05oJAQ2vkJRjyjrEcNVycaqOmNb5OTxZPE3xa5gwZduqza6L9JOCenh/Ecw=="
    },
    "decode-uri-component": {
      "version": "0.2.0",
      "resolved": "https://registry.npmjs.org/decode-uri-component/-/decode-uri-component-0.2.0.tgz",
      "integrity": "sha1-6zkTMzRYd1y4TNGh+uBiEGu4dUU="
    },
    "esprima": {
      "version": "4.0.1",
      "resolved": "https://registry.npmjs.org/esprima/-/esprima-4.0.1.tgz",
      "integrity": "sha512-eGuFFw7Upda+g4p+QHvnW0RyTX/SVeJBDM/gCtMARO0cLuT2HcEKnTPvhjV6aGeqrCB/sbNop0Kszm0jsaWU4A=="
    },
    "fast-deep-equal": {
      "version": "2.0.1",
      "resolved": "https://registry.npmjs.org/fast-deep-equal/-/fast-deep-equal-2.0.1.tgz",
      "integrity": "sha1-ewUhjd+WZ79/Nwv3/bLLFf3Qqkk="
    },
    "fast-json-stable-stringify": {
      "version": "2.0.0",
      "resolved": "https://registry.npmjs.org/fast-json-stable-stringify/-/fast-json-stable-stringify-2.0.0.tgz",
      "integrity": "sha1-1RQsDK7msRifh9OnYREGT4bIu/I="
    },
    "format-util": {
      "version": "1.0.3",
      "resolved": "https://registry.npmjs.org/format-util/-/format-util-1.0.3.tgz",
      "integrity": "sha1-Ay3KShFiYqEsQ/TD7IVmQWxbLZU="
    },
    "js-yaml": {
      "version": "3.12.0",
      "resolved": "https://registry.npmjs.org/js-yaml/-/js-yaml-3.12.0.tgz",
      "integrity": "sha512-PIt2cnwmPfL4hKNwqeiuz4bKfnzHTBv6HyVgjahA6mPLwPDzjDWrplJBMjHUFxku/N3FlmrbyPclad+I+4mJ3A==",
      "requires": {
        "argparse": "^1.0.7",
        "esprima": "^4.0.0"
      }
    },
    "json-schema-ref-parser": {
      "version": "6.0.2",
      "resolved": "https://registry.npmjs.org/json-schema-ref-parser/-/json-schema-ref-parser-6.0.2.tgz",
      "integrity": "sha512-EENU7mrmuBAdjSsAEJD8mMvodZyDhLBEfuSUBSIMuXqjs+cfMbFaxS8f6+ky675jetRzGzCdhzAU3y2VEtquvQ==",
      "requires": {
        "call-me-maybe": "^1.0.1",
        "js-yaml": "^3.12.0",
        "ono": "^4.0.10"
      }
    },
    "json-schema-traverse": {
      "version": "0.4.1",
      "resolved": "https://registry.npmjs.org/json-schema-traverse/-/json-schema-traverse-0.4.1.tgz",
      "integrity": "sha512-xbbCH5dCYU5T8LcEhhuh7HJ88HXuW3qsI3Y0zOZFKfZEHcpWiHU/Jxzk629Brsab/mMiHQti9wMP+845RPe3Vg=="
    },
    "jsonschema": {
      "version": "1.2.4",
      "resolved": "https://registry.npmjs.org/jsonschema/-/jsonschema-1.2.4.tgz",
      "integrity": "sha512-lz1nOH69GbsVHeVgEdvyavc/33oymY1AZwtePMiMj4HZPMbP5OIKK3zT9INMWjwua/V4Z4yq7wSlBbSG+g4AEw=="
    },
    "jsonschema-draft4": {
      "version": "1.0.0",
      "resolved": "https://registry.npmjs.org/jsonschema-draft4/-/jsonschema-draft4-1.0.0.tgz",
      "integrity": "sha1-8K8gBQVPDwrefqIRhhS2ncUS2GU="
    },
    "lodash": {
      "version": "4.17.11",
      "resolved": "https://registry.npmjs.org/lodash/-/lodash-4.17.11.tgz",
      "integrity": "sha512-cQKh8igo5QUhZ7lg38DYWAxMvjSAKG0A8wGSVimP07SIUEK2UO+arSRKbRZWtelMtN5V0Hkwh5ryOto/SshYIg=="
    },
    "lodash.get": {
      "version": "4.4.2",
      "resolved": "https://registry.npmjs.org/lodash.get/-/lodash.get-4.4.2.tgz",
      "integrity": "sha1-LRd/ZS+jHpObRDjVNBSZ36OCXpk="
    },
    "lodash.isequal": {
      "version": "4.5.0",
      "resolved": "https://registry.npmjs.org/lodash.isequal/-/lodash.isequal-4.5.0.tgz",
      "integrity": "sha1-QVxEePK8wwEgwizhDtMib30+GOA="
    },
    "merge": {
      "version": "1.2.1",
      "resolved": "https://registry.npmjs.org/merge/-/merge-1.2.1.tgz",
      "integrity": "sha512-VjFo4P5Whtj4vsLzsYBu5ayHhoHJ0UqNm7ibvShmbmoz7tGi0vXaoJbGdB+GmDMLUdg8DpQXEIeVDAe8MaABvQ=="
    },
    "ono": {
      "version": "4.0.10",
      "resolved": "https://registry.npmjs.org/ono/-/ono-4.0.10.tgz",
      "integrity": "sha512-4Xz4hlbq7MzV0I3vKfZwRvyj8tCbXODqBNzFqtkjP+KTV93zzDRju8kw1qnf6P5kcZ2+xlIq6wSCqA+euSKxhA==",
      "requires": {
        "format-util": "^1.0.3"
      }
    },
    "openapi-backend": {
      "version": "1.2.0",
      "resolved": "https://registry.npmjs.org/openapi-backend/-/openapi-backend-1.2.0.tgz",
      "integrity": "sha512-1rty84BTJ0oNZHhIQCzu4LRpWzb8mgYSP7Qtignhv+/3MaAsY4DUwLwbttCMow9hDgLY61/ihbXSrXJzhmEA1g==",
      "requires": {
        "@types/lodash": "^4.14.117",
        "@types/swagger-parser": "^4.0.2",
        "ajv": "^6.5.4",
        "lodash": "^4.17.11",
        "merge": "^1.2.1",
        "openapi-schema-validation": "^0.4.2",
        "openapi-types": "^1.3.2",
        "query-string": "^6.2.0",
        "swagger-parser": "^6.0.2"
      }
    },
    "openapi-schema-validation": {
      "version": "0.4.2",
      "resolved": "https://registry.npmjs.org/openapi-schema-validation/-/openapi-schema-validation-0.4.2.tgz",
      "integrity": "sha512-K8LqLpkUf2S04p2Nphq9L+3bGFh/kJypxIG2NVGKX0ffzT4NQI9HirhiY6Iurfej9lCu7y4Ndm4tv+lm86Ck7w==",
      "requires": {
        "jsonschema": "1.2.4",
        "jsonschema-draft4": "^1.0.0",
        "swagger-schema-official": "2.0.0-bab6bed"
      }
    },
    "openapi-types": {
      "version": "1.3.2",
      "resolved": "https://registry.npmjs.org/openapi-types/-/openapi-types-1.3.2.tgz",
      "integrity": "sha512-qhFAj+fhC9+ULRdXKKS4hqtmz3W+I3BlxFgx3xt+60nswk3plYp7FSXQL5JOIYgTbP77dSXsMOWwkrLjixS42w=="
    },
    "punycode": {
      "version": "2.1.1",
      "resolved": "https://registry.npmjs.org/punycode/-/punycode-2.1.1.tgz",
      "integrity": "sha512-XRsRjdf+j5ml+y/6GKHPZbrF/8p2Yga0JPtdqTIY2Xe5ohJPD9saDJJLPvp9+NSBprVvevdXZybnj2cv8OEd0A=="
    },
    "query-string": {
      "version": "6.2.0",
      "resolved": "https://registry.npmjs.org/query-string/-/query-string-6.2.0.tgz",
      "integrity": "sha512-5wupExkIt8RYL4h/FE+WTg3JHk62e6fFPWtAZA9J5IWK1PfTfKkMS93HBUHcFpeYi9KsY5pFbh+ldvEyaz5MyA==",
      "requires": {
        "decode-uri-component": "^0.2.0",
        "strict-uri-encode": "^2.0.0"
      }
    },
    "sprintf-js": {
      "version": "1.0.3",
      "resolved": "https://registry.npmjs.org/sprintf-js/-/sprintf-js-1.0.3.tgz",
      "integrity": "sha1-BOaSb2YolTVPPdAVIDYzuFcpfiw="
    },
    "strict-uri-encode": {
      "version": "2.0.0",
      "resolved": "https://registry.npmjs.org/strict-uri-encode/-/strict-uri-encode-2.0.0.tgz",
      "integrity": "sha1-ucczDHBChi9rFC3CdLvMWGbONUY="
    },
    "swagger-methods": {
      "version": "1.0.6",
      "resolved": "https://registry.npmjs.org/swagger-methods/-/swagger-methods-1.0.6.tgz",
      "integrity": "sha512-21HVj5jwEjhTMBPBtJDNINItT5RrehikrlKBphnivELUn66RdVo8yQm/sKpZrUYSbr0ncueQx7vDEEHjl27yTg=="
    },
    "swagger-parser": {
      "version": "6.0.2",
      "resolved": "https://registry.npmjs.org/swagger-parser/-/swagger-parser-6.0.2.tgz",
      "integrity": "sha512-MEl1Y1AfC4XL8050wf5HRE9fH74YVJxgHBrRNyqRwaY8Q+Fiuc5QV4wRtKtWx1ycpUCY1KZcjyc44MmL/CEryw==",
      "requires": {
        "call-me-maybe": "^1.0.1",
        "json-schema-ref-parser": "^6.0.2",
        "ono": "^4.0.10",
        "openapi-schema-validation": "^0.4.2",
        "swagger-methods": "^1.0.6",
        "swagger-schema-official": "2.0.0-bab6bed",
        "z-schema": "^3.24.1"
      }
    },
    "swagger-schema-official": {
      "version": "2.0.0-bab6bed",
      "resolved": "https://registry.npmjs.org/swagger-schema-official/-/swagger-schema-official-2.0.0-bab6bed.tgz",
      "integrity": "sha1-cAcEaNbSl3ylI3suUZyn0Gouo/0="
    },
    "uri-js": {
      "version": "4.2.2",
      "resolved": "https://registry.npmjs.org/uri-js/-/uri-js-4.2.2.tgz",
      "integrity": "sha512-KY9Frmirql91X2Qgjry0Wd4Y+YTdrdZheS8TFwvkbLWf/G5KNJDCh6pKL5OZctEW4+0Baa5idK2ZQuELRwPznQ==",
      "requires": {
        "punycode": "^2.1.0"
      }
    },
    "validator": {
      "version": "10.8.0",
      "resolved": "https://registry.npmjs.org/validator/-/validator-10.8.0.tgz",
      "integrity": "sha512-mXqMxfCh5NLsVgYVKl9WvnHNDPCcbNppHSPPowu0VjtSsGWVY+z8hJF44edLR1nbLNzi3jYoYsIl8KZpioIk6g=="
    },
    "z-schema": {
      "version": "3.24.1",
      "resolved": "https://registry.npmjs.org/z-schema/-/z-schema-3.24.1.tgz",
      "integrity": "sha512-2eR8eq/v1coNqyBc5HzswEcoLbw+S33RMnR326uiuOIr97ve5vwPNMDrKS1IRCB12bZ3a8BrfGxrRwuSXUyPvw==",
      "requires": {
        "commander": "^2.7.1",
        "core-js": "^2.5.7",
        "lodash.get": "^4.0.0",
        "lodash.isequal": "^4.0.0",
        "validator": "^10.0.0"
      }
    }
  }
}
